// !$*UTF8*$!
{
	archiveVersion = 1;
	classes = {
	};
	objectVersion = 56;
	objects = {

/* Begin PBXBuildFile section */
		BCF62D882990A2BA00151606 /* AppDelegate.swift in Sources */ = {isa = PBXBuildFile; fileRef = BCF62D872990A2BA00151606 /* AppDelegate.swift */; };
		BCF62D8A2990A2BA00151606 /* SceneDelegate.swift in Sources */ = {isa = PBXBuildFile; fileRef = BCF62D892990A2BA00151606 /* SceneDelegate.swift */; };
		BCF62D912990A2BD00151606 /* Assets.xcassets in Resources */ = {isa = PBXBuildFile; fileRef = BCF62D902990A2BD00151606 /* Assets.xcassets */; };
		BCF62D942990A2BD00151606 /* LaunchScreen.storyboard in Resources */ = {isa = PBXBuildFile; fileRef = BCF62D922990A2BD00151606 /* LaunchScreen.storyboard */; };
		BCF62D9F2990A2BD00151606 /* MovieVIPERSwiftTests.swift in Sources */ = {isa = PBXBuildFile; fileRef = BCF62D9E2990A2BD00151606 /* MovieVIPERSwiftTests.swift */; };
		BCF62DA92990A2BD00151606 /* MovieVIPERSwiftUITests.swift in Sources */ = {isa = PBXBuildFile; fileRef = BCF62DA82990A2BD00151606 /* MovieVIPERSwiftUITests.swift */; };
		BCF62DAB2990A2BD00151606 /* MovieVIPERSwiftUITestsLaunchTests.swift in Sources */ = {isa = PBXBuildFile; fileRef = BCF62DAA2990A2BD00151606 /* MovieVIPERSwiftUITestsLaunchTests.swift */; };
		BCF62DBA2990A7B100151606 /* ListOfMoviesViewController.swift in Sources */ = {isa = PBXBuildFile; fileRef = BCF62DB92990A7B100151606 /* ListOfMoviesViewController.swift */; };
		BCF62DBC2990A7BA00151606 /* ListOfMoviesPresenter.swift in Sources */ = {isa = PBXBuildFile; fileRef = BCF62DBB2990A7BA00151606 /* ListOfMoviesPresenter.swift */; };
		BCF62DBE2990A7C200151606 /* ListOfMoviesInteractor.swift in Sources */ = {isa = PBXBuildFile; fileRef = BCF62DBD2990A7C200151606 /* ListOfMoviesInteractor.swift */; };
		BCF62DC02990A7C700151606 /* ListOfMoviesRouter.swift in Sources */ = {isa = PBXBuildFile; fileRef = BCF62DBF2990A7C700151606 /* ListOfMoviesRouter.swift */; };
		BCF62DC22990A8C600151606 /* PopularMovieEntity.swift in Sources */ = {isa = PBXBuildFile; fileRef = BCF62DC12990A8C600151606 /* PopularMovieEntity.swift */; };
		BCF62DC42990A95800151606 /* PopularMovieResponseEntity.swift in Sources */ = {isa = PBXBuildFile; fileRef = BCF62DC32990A95800151606 /* PopularMovieResponseEntity.swift */; };
		BCF62DC62990ADEF00151606 /* ListOfMovieTableViewCell.swift in Sources */ = {isa = PBXBuildFile; fileRef = BCF62DC52990ADEF00151606 /* ListOfMovieTableViewCell.swift */; };
		BCF62DCE2990B14900151606 /* Kingfisher in Frameworks */ = {isa = PBXBuildFile; productRef = BCF62DCD2990B14900151606 /* Kingfisher */; };
/* End PBXBuildFile section */

/* Begin PBXContainerItemProxy section */
		BCF62D9B2990A2BD00151606 /* PBXContainerItemProxy */ = {
			isa = PBXContainerItemProxy;
			containerPortal = BCF62D7C2990A2BA00151606 /* Project object */;
			proxyType = 1;
			remoteGlobalIDString = BCF62D832990A2BA00151606;
			remoteInfo = MovieVIPERSwift;
		};
		BCF62DA52990A2BD00151606 /* PBXContainerItemProxy */ = {
			isa = PBXContainerItemProxy;
			containerPortal = BCF62D7C2990A2BA00151606 /* Project object */;
			proxyType = 1;
			remoteGlobalIDString = BCF62D832990A2BA00151606;
			remoteInfo = MovieVIPERSwift;
		};
/* End PBXContainerItemProxy section */

/* Begin PBXFileReference section */
		BCF62D842990A2BA00151606 /* MovieVIPERSwift.app */ = {isa = PBXFileReference; explicitFileType = wrapper.application; includeInIndex = 0; path = MovieVIPERSwift.app; sourceTree = BUILT_PRODUCTS_DIR; };
		BCF62D872990A2BA00151606 /* AppDelegate.swift */ = {isa = PBXFileReference; lastKnownFileType = sourcecode.swift; path = AppDelegate.swift; sourceTree = "<group>"; };
		BCF62D892990A2BA00151606 /* SceneDelegate.swift */ = {isa = PBXFileReference; lastKnownFileType = sourcecode.swift; path = SceneDelegate.swift; sourceTree = "<group>"; };
		BCF62D902990A2BD00151606 /* Assets.xcassets */ = {isa = PBXFileReference; lastKnownFileType = folder.assetcatalog; path = Assets.xcassets; sourceTree = "<group>"; };
		BCF62D932990A2BD00151606 /* Base */ = {isa = PBXFileReference; lastKnownFileType = file.storyboard; name = Base; path = Base.lproj/LaunchScreen.storyboard; sourceTree = "<group>"; };
		BCF62D952990A2BD00151606 /* Info.plist */ = {isa = PBXFileReference; lastKnownFileType = text.plist.xml; path = Info.plist; sourceTree = "<group>"; };
		BCF62D9A2990A2BD00151606 /* MovieVIPERSwiftTests.xctest */ = {isa = PBXFileReference; explicitFileType = wrapper.cfbundle; includeInIndex = 0; path = MovieVIPERSwiftTests.xctest; sourceTree = BUILT_PRODUCTS_DIR; };
		BCF62D9E2990A2BD00151606 /* MovieVIPERSwiftTests.swift */ = {isa = PBXFileReference; lastKnownFileType = sourcecode.swift; path = MovieVIPERSwiftTests.swift; sourceTree = "<group>"; };
		BCF62DA42990A2BD00151606 /* MovieVIPERSwiftUITests.xctest */ = {isa = PBXFileReference; explicitFileType = wrapper.cfbundle; includeInIndex = 0; path = MovieVIPERSwiftUITests.xctest; sourceTree = BUILT_PRODUCTS_DIR; };
		BCF62DA82990A2BD00151606 /* MovieVIPERSwiftUITests.swift */ = {isa = PBXFileReference; lastKnownFileType = sourcecode.swift; path = MovieVIPERSwiftUITests.swift; sourceTree = "<group>"; };
		BCF62DAA2990A2BD00151606 /* MovieVIPERSwiftUITestsLaunchTests.swift */ = {isa = PBXFileReference; lastKnownFileType = sourcecode.swift; path = MovieVIPERSwiftUITestsLaunchTests.swift; sourceTree = "<group>"; };
		BCF62DB92990A7B100151606 /* ListOfMoviesViewController.swift */ = {isa = PBXFileReference; lastKnownFileType = sourcecode.swift; path = ListOfMoviesViewController.swift; sourceTree = "<group>"; };
		BCF62DBB2990A7BA00151606 /* ListOfMoviesPresenter.swift */ = {isa = PBXFileReference; lastKnownFileType = sourcecode.swift; path = ListOfMoviesPresenter.swift; sourceTree = "<group>"; };
		BCF62DBD2990A7C200151606 /* ListOfMoviesInteractor.swift */ = {isa = PBXFileReference; lastKnownFileType = sourcecode.swift; path = ListOfMoviesInteractor.swift; sourceTree = "<group>"; };
		BCF62DBF2990A7C700151606 /* ListOfMoviesRouter.swift */ = {isa = PBXFileReference; lastKnownFileType = sourcecode.swift; path = ListOfMoviesRouter.swift; sourceTree = "<group>"; };
		BCF62DC12990A8C600151606 /* PopularMovieEntity.swift */ = {isa = PBXFileReference; lastKnownFileType = sourcecode.swift; path = PopularMovieEntity.swift; sourceTree = "<group>"; };
		BCF62DC32990A95800151606 /* PopularMovieResponseEntity.swift */ = {isa = PBXFileReference; lastKnownFileType = sourcecode.swift; path = PopularMovieResponseEntity.swift; sourceTree = "<group>"; };
		BCF62DC52990ADEF00151606 /* ListOfMovieTableViewCell.swift */ = {isa = PBXFileReference; lastKnownFileType = sourcecode.swift; path = ListOfMovieTableViewCell.swift; sourceTree = "<group>"; };
/* End PBXFileReference section */

/* Begin PBXFrameworksBuildPhase section */
		BCF62D812990A2BA00151606 /* Frameworks */ = {
			isa = PBXFrameworksBuildPhase;
			buildActionMask = 2147483647;
			files = (
				BCF62DCE2990B14900151606 /* Kingfisher in Frameworks */,
			);
			runOnlyForDeploymentPostprocessing = 0;
		};
		BCF62D972990A2BD00151606 /* Frameworks */ = {
			isa = PBXFrameworksBuildPhase;
			buildActionMask = 2147483647;
			files = (
			);
			runOnlyForDeploymentPostprocessing = 0;
		};
		BCF62DA12990A2BD00151606 /* Frameworks */ = {
			isa = PBXFrameworksBuildPhase;
			buildActionMask = 2147483647;
			files = (
			);
			runOnlyForDeploymentPostprocessing = 0;
		};
/* End PBXFrameworksBuildPhase section */

/* Begin PBXGroup section */
		BCF62D7B2990A2BA00151606 = {
			isa = PBXGroup;
			children = (
				BCF62D862990A2BA00151606 /* MovieVIPERSwift */,
				BCF62D9D2990A2BD00151606 /* MovieVIPERSwiftTests */,
				BCF62DA72990A2BD00151606 /* MovieVIPERSwiftUITests */,
				BCF62D852990A2BA00151606 /* Products */,
			);
			sourceTree = "<group>";
		};
		BCF62D852990A2BA00151606 /* Products */ = {
			isa = PBXGroup;
			children = (
				BCF62D842990A2BA00151606 /* MovieVIPERSwift.app */,
				BCF62D9A2990A2BD00151606 /* MovieVIPERSwiftTests.xctest */,
				BCF62DA42990A2BD00151606 /* MovieVIPERSwiftUITests.xctest */,
			);
			name = Products;
			sourceTree = "<group>";
		};
		BCF62D862990A2BA00151606 /* MovieVIPERSwift */ = {
			isa = PBXGroup;
			children = (
				BCF62DB72990A78D00151606 /* ListOfMovies */,
				BCF62D872990A2BA00151606 /* AppDelegate.swift */,
				BCF62D892990A2BA00151606 /* SceneDelegate.swift */,
				BCF62D902990A2BD00151606 /* Assets.xcassets */,
				BCF62D922990A2BD00151606 /* LaunchScreen.storyboard */,
				BCF62D952990A2BD00151606 /* Info.plist */,
			);
			path = MovieVIPERSwift;
			sourceTree = "<group>";
		};
		BCF62D9D2990A2BD00151606 /* MovieVIPERSwiftTests */ = {
			isa = PBXGroup;
			children = (
				BCF62D9E2990A2BD00151606 /* MovieVIPERSwiftTests.swift */,
			);
			path = MovieVIPERSwiftTests;
			sourceTree = "<group>";
		};
		BCF62DA72990A2BD00151606 /* MovieVIPERSwiftUITests */ = {
			isa = PBXGroup;
			children = (
				BCF62DA82990A2BD00151606 /* MovieVIPERSwiftUITests.swift */,
				BCF62DAA2990A2BD00151606 /* MovieVIPERSwiftUITestsLaunchTests.swift */,
			);
			path = MovieVIPERSwiftUITests;
			sourceTree = "<group>";
		};
		BCF62DB72990A78D00151606 /* ListOfMovies */ = {
			isa = PBXGroup;
			children = (
				BCF62DC72990AE0A00151606 /* View */,
				BCF62DCA2990AE2000151606 /* Interactor */,
				BCF62DC92990AE1900151606 /* Presenter */,
				BCF62DB82990A79C00151606 /* Entities */,
				BCF62DCB2990AE2600151606 /* Router */,
			);
			path = ListOfMovies;
			sourceTree = "<group>";
		};
		BCF62DB82990A79C00151606 /* Entities */ = {
			isa = PBXGroup;
			children = (
				BCF62DC12990A8C600151606 /* PopularMovieEntity.swift */,
				BCF62DC32990A95800151606 /* PopularMovieResponseEntity.swift */,
			);
			path = Entities;
			sourceTree = "<group>";
		};
		BCF62DC72990AE0A00151606 /* View */ = {
			isa = PBXGroup;
			children = (
				BCF62DB92990A7B100151606 /* ListOfMoviesViewController.swift */,
				BCF62DC82990AE1000151606 /* Cell */,
			);
			path = View;
			sourceTree = "<group>";
		};
		BCF62DC82990AE1000151606 /* Cell */ = {
			isa = PBXGroup;
			children = (
				BCF62DC52990ADEF00151606 /* ListOfMovieTableViewCell.swift */,
			);
			path = Cell;
			sourceTree = "<group>";
		};
		BCF62DC92990AE1900151606 /* Presenter */ = {
			isa = PBXGroup;
			children = (
				BCF62DBB2990A7BA00151606 /* ListOfMoviesPresenter.swift */,
			);
			path = Presenter;
			sourceTree = "<group>";
		};
		BCF62DCA2990AE2000151606 /* Interactor */ = {
			isa = PBXGroup;
			children = (
				BCF62DBD2990A7C200151606 /* ListOfMoviesInteractor.swift */,
			);
			path = Interactor;
			sourceTree = "<group>";
		};
		BCF62DCB2990AE2600151606 /* Router */ = {
			isa = PBXGroup;
			children = (
				BCF62DBF2990A7C700151606 /* ListOfMoviesRouter.swift */,
			);
			path = Router;
			sourceTree = "<group>";
		};
/* End PBXGroup section */

/* Begin PBXNativeTarget section */
		BCF62D832990A2BA00151606 /* MovieVIPERSwift */ = {
			isa = PBXNativeTarget;
			buildConfigurationList = BCF62DAE2990A2BD00151606 /* Build configuration list for PBXNativeTarget "MovieVIPERSwift" */;
			buildPhases = (
				BCF62D802990A2BA00151606 /* Sources */,
				BCF62D812990A2BA00151606 /* Frameworks */,
				BCF62D822990A2BA00151606 /* Resources */,
			);
			buildRules = (
			);
			dependencies = (
			);
			name = MovieVIPERSwift;
			packageProductDependencies = (
				BCF62DCD2990B14900151606 /* Kingfisher */,
			);
			productName = MovieVIPERSwift;
			productReference = BCF62D842990A2BA00151606 /* MovieVIPERSwift.app */;
			productType = "com.apple.product-type.application";
		};
		BCF62D992990A2BD00151606 /* MovieVIPERSwiftTests */ = {
			isa = PBXNativeTarget;
			buildConfigurationList = BCF62DB12990A2BD00151606 /* Build configuration list for PBXNativeTarget "MovieVIPERSwiftTests" */;
			buildPhases = (
				BCF62D962990A2BD00151606 /* Sources */,
				BCF62D972990A2BD00151606 /* Frameworks */,
				BCF62D982990A2BD00151606 /* Resources */,
			);
			buildRules = (
			);
			dependencies = (
				BCF62D9C2990A2BD00151606 /* PBXTargetDependency */,
			);
			name = MovieVIPERSwiftTests;
			productName = MovieVIPERSwiftTests;
			productReference = BCF62D9A2990A2BD00151606 /* MovieVIPERSwiftTests.xctest */;
			productType = "com.apple.product-type.bundle.unit-test";
		};
		BCF62DA32990A2BD00151606 /* MovieVIPERSwiftUITests */ = {
			isa = PBXNativeTarget;
			buildConfigurationList = BCF62DB42990A2BD00151606 /* Build configuration list for PBXNativeTarget "MovieVIPERSwiftUITests" */;
			buildPhases = (
				BCF62DA02990A2BD00151606 /* Sources */,
				BCF62DA12990A2BD00151606 /* Frameworks */,
				BCF62DA22990A2BD00151606 /* Resources */,
			);
			buildRules = (
			);
			dependencies = (
				BCF62DA62990A2BD00151606 /* PBXTargetDependency */,
			);
			name = MovieVIPERSwiftUITests;
			productName = MovieVIPERSwiftUITests;
			productReference = BCF62DA42990A2BD00151606 /* MovieVIPERSwiftUITests.xctest */;
			productType = "com.apple.product-type.bundle.ui-testing";
		};
/* End PBXNativeTarget section */

/* Begin PBXProject section */
		BCF62D7C2990A2BA00151606 /* Project object */ = {
			isa = PBXProject;
			attributes = {
				BuildIndependentTargetsInParallel = 1;
				LastSwiftUpdateCheck = 1420;
				LastUpgradeCheck = 1420;
				TargetAttributes = {
					BCF62D832990A2BA00151606 = {
						CreatedOnToolsVersion = 14.2;
					};
					BCF62D992990A2BD00151606 = {
						CreatedOnToolsVersion = 14.2;
						TestTargetID = BCF62D832990A2BA00151606;
					};
					BCF62DA32990A2BD00151606 = {
						CreatedOnToolsVersion = 14.2;
						TestTargetID = BCF62D832990A2BA00151606;
					};
				};
			};
			buildConfigurationList = BCF62D7F2990A2BA00151606 /* Build configuration list for PBXProject "MovieVIPERSwift" */;
			compatibilityVersion = "Xcode 14.0";
			developmentRegion = en;
			hasScannedForEncodings = 0;
			knownRegions = (
				en,
				Base,
			);
			mainGroup = BCF62D7B2990A2BA00151606;
			packageReferences = (
				BCF62DCC2990B14900151606 /* XCRemoteSwiftPackageReference "Kingfisher" */,
			);
			productRefGroup = BCF62D852990A2BA00151606 /* Products */;
			projectDirPath = "";
			projectRoot = "";
			targets = (
				BCF62D832990A2BA00151606 /* MovieVIPERSwift */,
				BCF62D992990A2BD00151606 /* MovieVIPERSwiftTests */,
				BCF62DA32990A2BD00151606 /* MovieVIPERSwiftUITests */,
			);
		};
/* End PBXProject section */

/* Begin PBXResourcesBuildPhase section */
		BCF62D822990A2BA00151606 /* Resources */ = {
			isa = PBXResourcesBuildPhase;
			buildActionMask = 2147483647;
			files = (
				BCF62D942990A2BD00151606 /* LaunchScreen.storyboard in Resources */,
				BCF62D912990A2BD00151606 /* Assets.xcassets in Resources */,
			);
			runOnlyForDeploymentPostprocessing = 0;
		};
		BCF62D982990A2BD00151606 /* Resources */ = {
			isa = PBXResourcesBuildPhase;
			buildActionMask = 2147483647;
			files = (
			);
			runOnlyForDeploymentPostprocessing = 0;
		};
		BCF62DA22990A2BD00151606 /* Resources */ = {
			isa = PBXResourcesBuildPhase;
			buildActionMask = 2147483647;
			files = (
			);
			runOnlyForDeploymentPostprocessing = 0;
		};
/* End PBXResourcesBuildPhase section */

/* Begin PBXSourcesBuildPhase section */
		BCF62D802990A2BA00151606 /* Sources */ = {
			isa = PBXSourcesBuildPhase;
			buildActionMask = 2147483647;
			files = (
				BCF62DBA2990A7B100151606 /* ListOfMoviesViewController.swift in Sources */,
				BCF62DBE2990A7C200151606 /* ListOfMoviesInteractor.swift in Sources */,
				BCF62DC22990A8C600151606 /* PopularMovieEntity.swift in Sources */,
				BCF62DBC2990A7BA00151606 /* ListOfMoviesPresenter.swift in Sources */,
				BCF62DC02990A7C700151606 /* ListOfMoviesRouter.swift in Sources */,
				BCF62D882990A2BA00151606 /* AppDelegate.swift in Sources */,
				BCF62DC42990A95800151606 /* PopularMovieResponseEntity.swift in Sources */,
				BCF62D8A2990A2BA00151606 /* SceneDelegate.swift in Sources */,
				BCF62DC62990ADEF00151606 /* ListOfMovieTableViewCell.swift in Sources */,
			);
			runOnlyForDeploymentPostprocessing = 0;
		};
		BCF62D962990A2BD00151606 /* Sources */ = {
			isa = PBXSourcesBuildPhase;
			buildActionMask = 2147483647;
			files = (
				BCF62D9F2990A2BD00151606 /* MovieVIPERSwiftTests.swift in Sources */,
			);
			runOnlyForDeploymentPostprocessing = 0;
		};
		BCF62DA02990A2BD00151606 /* Sources */ = {
			isa = PBXSourcesBuildPhase;
			buildActionMask = 2147483647;
			files = (
				BCF62DAB2990A2BD00151606 /* MovieVIPERSwiftUITestsLaunchTests.swift in Sources */,
				BCF62DA92990A2BD00151606 /* MovieVIPERSwiftUITests.swift in Sources */,
			);
			runOnlyForDeploymentPostprocessing = 0;
		};
/* End PBXSourcesBuildPhase section */

/* Begin PBXTargetDependency section */
		BCF62D9C2990A2BD00151606 /* PBXTargetDependency */ = {
			isa = PBXTargetDependency;
			target = BCF62D832990A2BA00151606 /* MovieVIPERSwift */;
			targetProxy = BCF62D9B2990A2BD00151606 /* PBXContainerItemProxy */;
		};
		BCF62DA62990A2BD00151606 /* PBXTargetDependency */ = {
			isa = PBXTargetDependency;
			target = BCF62D832990A2BA00151606 /* MovieVIPERSwift */;
			targetProxy = BCF62DA52990A2BD00151606 /* PBXContainerItemProxy */;
		};
/* End PBXTargetDependency section */

/* Begin PBXVariantGroup section */
		BCF62D922990A2BD00151606 /* LaunchScreen.storyboard */ = {
			isa = PBXVariantGroup;
			children = (
				BCF62D932990A2BD00151606 /* Base */,
			);
			name = LaunchScreen.storyboard;
			sourceTree = "<group>";
		};
/* End PBXVariantGroup section */

/* Begin XCBuildConfiguration section */
		BCF62DAC2990A2BD00151606 /* Debug */ = {
			isa = XCBuildConfiguration;
			buildSettings = {
				ALWAYS_SEARCH_USER_PATHS = NO;
				CLANG_ANALYZER_NONNULL = YES;
				CLANG_ANALYZER_NUMBER_OBJECT_CONVERSION = YES_AGGRESSIVE;
				CLANG_CXX_LANGUAGE_STANDARD = "gnu++20";
				CLANG_ENABLE_MODULES = YES;
				CLANG_ENABLE_OBJC_ARC = YES;
				CLANG_ENABLE_OBJC_WEAK = YES;
				CLANG_WARN_BLOCK_CAPTURE_AUTORELEASING = YES;
				CLANG_WARN_BOOL_CONVERSION = YES;
				CLANG_WARN_COMMA = YES;
				CLANG_WARN_CONSTANT_CONVERSION = YES;
				CLANG_WARN_DEPRECATED_OBJC_IMPLEMENTATIONS = YES;
				CLANG_WARN_DIRECT_OBJC_ISA_USAGE = YES_ERROR;
				CLANG_WARN_DOCUMENTATION_COMMENTS = YES;
				CLANG_WARN_EMPTY_BODY = YES;
				CLANG_WARN_ENUM_CONVERSION = YES;
				CLANG_WARN_INFINITE_RECURSION = YES;
				CLANG_WARN_INT_CONVERSION = YES;
				CLANG_WARN_NON_LITERAL_NULL_CONVERSION = YES;
				CLANG_WARN_OBJC_IMPLICIT_RETAIN_SELF = YES;
				CLANG_WARN_OBJC_LITERAL_CONVERSION = YES;
				CLANG_WARN_OBJC_ROOT_CLASS = YES_ERROR;
				CLANG_WARN_QUOTED_INCLUDE_IN_FRAMEWORK_HEADER = YES;
				CLANG_WARN_RANGE_LOOP_ANALYSIS = YES;
				CLANG_WARN_STRICT_PROTOTYPES = YES;
				CLANG_WARN_SUSPICIOUS_MOVE = YES;
				CLANG_WARN_UNGUARDED_AVAILABILITY = YES_AGGRESSIVE;
				CLANG_WARN_UNREACHABLE_CODE = YES;
				CLANG_WARN__DUPLICATE_METHOD_MATCH = YES;
				COPY_PHASE_STRIP = NO;
				DEBUG_INFORMATION_FORMAT = dwarf;
				ENABLE_STRICT_OBJC_MSGSEND = YES;
				ENABLE_TESTABILITY = YES;
				GCC_C_LANGUAGE_STANDARD = gnu11;
				GCC_DYNAMIC_NO_PIC = NO;
				GCC_NO_COMMON_BLOCKS = YES;
				GCC_OPTIMIZATION_LEVEL = 0;
				GCC_PREPROCESSOR_DEFINITIONS = (
					"DEBUG=1",
					"$(inherited)",
				);
				GCC_WARN_64_TO_32_BIT_CONVERSION = YES;
				GCC_WARN_ABOUT_RETURN_TYPE = YES_ERROR;
				GCC_WARN_UNDECLARED_SELECTOR = YES;
				GCC_WARN_UNINITIALIZED_AUTOS = YES_AGGRESSIVE;
				GCC_WARN_UNUSED_FUNCTION = YES;
				GCC_WARN_UNUSED_VARIABLE = YES;
				IPHONEOS_DEPLOYMENT_TARGET = 16.2;
				MTL_ENABLE_DEBUG_INFO = INCLUDE_SOURCE;
				MTL_FAST_MATH = YES;
				ONLY_ACTIVE_ARCH = YES;
				SDKROOT = iphoneos;
				SWIFT_ACTIVE_COMPILATION_CONDITIONS = DEBUG;
				SWIFT_OPTIMIZATION_LEVEL = "-Onone";
			};
			name = Debug;
		};
		BCF62DAD2990A2BD00151606 /* Release */ = {
			isa = XCBuildConfiguration;
			buildSettings = {
				ALWAYS_SEARCH_USER_PATHS = NO;
				CLANG_ANALYZER_NONNULL = YES;
				CLANG_ANALYZER_NUMBER_OBJECT_CONVERSION = YES_AGGRESSIVE;
				CLANG_CXX_LANGUAGE_STANDARD = "gnu++20";
				CLANG_ENABLE_MODULES = YES;
				CLANG_ENABLE_OBJC_ARC = YES;
				CLANG_ENABLE_OBJC_WEAK = YES;
				CLANG_WARN_BLOCK_CAPTURE_AUTORELEASING = YES;
				CLANG_WARN_BOOL_CONVERSION = YES;
				CLANG_WARN_COMMA = YES;
				CLANG_WARN_CONSTANT_CONVERSION = YES;
				CLANG_WARN_DEPRECATED_OBJC_IMPLEMENTATIONS = YES;
				CLANG_WARN_DIRECT_OBJC_ISA_USAGE = YES_ERROR;
				CLANG_WARN_DOCUMENTATION_COMMENTS = YES;
				CLANG_WARN_EMPTY_BODY = YES;
				CLANG_WARN_ENUM_CONVERSION = YES;
				CLANG_WARN_INFINITE_RECURSION = YES;
				CLANG_WARN_INT_CONVERSION = YES;
				CLANG_WARN_NON_LITERAL_NULL_CONVERSION = YES;
				CLANG_WARN_OBJC_IMPLICIT_RETAIN_SELF = YES;
				CLANG_WARN_OBJC_LITERAL_CONVERSION = YES;
				CLANG_WARN_OBJC_ROOT_CLASS = YES_ERROR;
				CLANG_WARN_QUOTED_INCLUDE_IN_FRAMEWORK_HEADER = YES;
				CLANG_WARN_RANGE_LOOP_ANALYSIS = YES;
				CLANG_WARN_STRICT_PROTOTYPES = YES;
				CLANG_WARN_SUSPICIOUS_MOVE = YES;
				CLANG_WARN_UNGUARDED_AVAILABILITY = YES_AGGRESSIVE;
				CLANG_WARN_UNREACHABLE_CODE = YES;
				CLANG_WARN__DUPLICATE_METHOD_MATCH = YES;
				COPY_PHASE_STRIP = NO;
				DEBUG_INFORMATION_FORMAT = "dwarf-with-dsym";
				ENABLE_NS_ASSERTIONS = NO;
				ENABLE_STRICT_OBJC_MSGSEND = YES;
				GCC_C_LANGUAGE_STANDARD = gnu11;
				GCC_NO_COMMON_BLOCKS = YES;
				GCC_WARN_64_TO_32_BIT_CONVERSION = YES;
				GCC_WARN_ABOUT_RETURN_TYPE = YES_ERROR;
				GCC_WARN_UNDECLARED_SELECTOR = YES;
				GCC_WARN_UNINITIALIZED_AUTOS = YES_AGGRESSIVE;
				GCC_WARN_UNUSED_FUNCTION = YES;
				GCC_WARN_UNUSED_VARIABLE = YES;
				IPHONEOS_DEPLOYMENT_TARGET = 16.2;
				MTL_ENABLE_DEBUG_INFO = NO;
				MTL_FAST_MATH = YES;
				SDKROOT = iphoneos;
				SWIFT_COMPILATION_MODE = wholemodule;
				SWIFT_OPTIMIZATION_LEVEL = "-O";
				VALIDATE_PRODUCT = YES;
			};
			name = Release;
		};
		BCF62DAF2990A2BD00151606 /* Debug */ = {
			isa = XCBuildConfiguration;
			buildSettings = {
				ASSETCATALOG_COMPILER_APPICON_NAME = AppIcon;
				ASSETCATALOG_COMPILER_GLOBAL_ACCENT_COLOR_NAME = AccentColor;
				CODE_SIGN_STYLE = Automatic;
				CURRENT_PROJECT_VERSION = 1;
				DEVELOPMENT_TEAM = 5S22W76BBZ;
				GENERATE_INFOPLIST_FILE = YES;
				INFOPLIST_FILE = MovieVIPERSwift/Info.plist;
				INFOPLIST_KEY_UIApplicationSupportsIndirectInputEvents = YES;
				INFOPLIST_KEY_UILaunchStoryboardName = LaunchScreen;
				INFOPLIST_KEY_UISupportedInterfaceOrientations_iPad = "UIInterfaceOrientationPortrait UIInterfaceOrientationPortraitUpsideDown UIInterfaceOrientationLandscapeLeft UIInterfaceOrientationLandscapeRight";
				INFOPLIST_KEY_UISupportedInterfaceOrientations_iPhone = "UIInterfaceOrientationPortrait UIInterfaceOrientationLandscapeLeft UIInterfaceOrientationLandscapeRight";
				LD_RUNPATH_SEARCH_PATHS = (
					"$(inherited)",
					"@executable_path/Frameworks",
				);
				MARKETING_VERSION = 1.0;
				PRODUCT_BUNDLE_IDENTIFIER = com.kevinhomorales.MovieVIPERSwift;
				PRODUCT_NAME = "$(TARGET_NAME)";
				SWIFT_EMIT_LOC_STRINGS = YES;
				SWIFT_VERSION = 5.0;
				TARGETED_DEVICE_FAMILY = "1,2";
			};
			name = Debug;
		};
		BCF62DB02990A2BD00151606 /* Release */ = {
			isa = XCBuildConfiguration;
			buildSettings = {
				ASSETCATALOG_COMPILER_APPICON_NAME = AppIcon;
				ASSETCATALOG_COMPILER_GLOBAL_ACCENT_COLOR_NAME = AccentColor;
				CODE_SIGN_STYLE = Automatic;
				CURRENT_PROJECT_VERSION = 1;
				DEVELOPMENT_TEAM = 5S22W76BBZ;
				GENERATE_INFOPLIST_FILE = YES;
				INFOPLIST_FILE = MovieVIPERSwift/Info.plist;
				INFOPLIST_KEY_UIApplicationSupportsIndirectInputEvents = YES;
				INFOPLIST_KEY_UILaunchStoryboardName = LaunchScreen;
				INFOPLIST_KEY_UISupportedInterfaceOrientations_iPad = "UIInterfaceOrientationPortrait UIInterfaceOrientationPortraitUpsideDown UIInterfaceOrientationLandscapeLeft UIInterfaceOrientationLandscapeRight";
				INFOPLIST_KEY_UISupportedInterfaceOrientations_iPhone = "UIInterfaceOrientationPortrait UIInterfaceOrientationLandscapeLeft UIInterfaceOrientationLandscapeRight";
				LD_RUNPATH_SEARCH_PATHS = (
					"$(inherited)",
					"@executable_path/Frameworks",
				);
				MARKETING_VERSION = 1.0;
				PRODUCT_BUNDLE_IDENTIFIER = com.kevinhomorales.MovieVIPERSwift;
				PRODUCT_NAME = "$(TARGET_NAME)";
				SWIFT_EMIT_LOC_STRINGS = YES;
				SWIFT_VERSION = 5.0;
				TARGETED_DEVICE_FAMILY = "1,2";
			};
			name = Release;
		};
		BCF62DB22990A2BD00151606 /* Debug */ = {
			isa = XCBuildConfiguration;
			buildSettings = {
				ALWAYS_EMBED_SWIFT_STANDARD_LIBRARIES = YES;
				BUNDLE_LOADER = "$(TEST_HOST)";
				CODE_SIGN_STYLE = Automatic;
				CURRENT_PROJECT_VERSION = 1;
				DEVELOPMENT_TEAM = 5S22W76BBZ;
				GENERATE_INFOPLIST_FILE = YES;
				IPHONEOS_DEPLOYMENT_TARGET = 16.2;
				MARKETING_VERSION = 1.0;
				PRODUCT_BUNDLE_IDENTIFIER = com.kevinhomorales.MovieVIPERSwiftTests;
				PRODUCT_NAME = "$(TARGET_NAME)";
				SWIFT_EMIT_LOC_STRINGS = NO;
				SWIFT_VERSION = 5.0;
				TARGETED_DEVICE_FAMILY = "1,2";
				TEST_HOST = "$(BUILT_PRODUCTS_DIR)/MovieVIPERSwift.app/$(BUNDLE_EXECUTABLE_FOLDER_PATH)/MovieVIPERSwift";
			};
			name = Debug;
		};
		BCF62DB32990A2BD00151606 /* Release */ = {
			isa = XCBuildConfiguration;
			buildSettings = {
				ALWAYS_EMBED_SWIFT_STANDARD_LIBRARIES = YES;
				BUNDLE_LOADER = "$(TEST_HOST)";
				CODE_SIGN_STYLE = Automatic;
				CURRENT_PROJECT_VERSION = 1;
				DEVELOPMENT_TEAM = 5S22W76BBZ;
				GENERATE_INFOPLIST_FILE = YES;
				IPHONEOS_DEPLOYMENT_TARGET = 16.2;
				MARKETING_VERSION = 1.0;
				PRODUCT_BUNDLE_IDENTIFIER = com.kevinhomorales.MovieVIPERSwiftTests;
				PRODUCT_NAME = "$(TARGET_NAME)";
				SWIFT_EMIT_LOC_STRINGS = NO;
				SWIFT_VERSION = 5.0;
				TARGETED_DEVICE_FAMILY = "1,2";
				TEST_HOST = "$(BUILT_PRODUCTS_DIR)/MovieVIPERSwift.app/$(BUNDLE_EXECUTABLE_FOLDER_PATH)/MovieVIPERSwift";
			};
			name = Release;
		};
		BCF62DB52990A2BD00151606 /* Debug */ = {
			isa = XCBuildConfiguration;
			buildSettings = {
				ALWAYS_EMBED_SWIFT_STANDARD_LIBRARIES = YES;
				CODE_SIGN_STYLE = Automatic;
				CURRENT_PROJECT_VERSION = 1;
				DEVELOPMENT_TEAM = 5S22W76BBZ;
				GENERATE_INFOPLIST_FILE = YES;
				MARKETING_VERSION = 1.0;
				PRODUCT_BUNDLE_IDENTIFIER = com.kevinhomorales.MovieVIPERSwiftUITests;
				PRODUCT_NAME = "$(TARGET_NAME)";
				SWIFT_EMIT_LOC_STRINGS = NO;
				SWIFT_VERSION = 5.0;
				TARGETED_DEVICE_FAMILY = "1,2";
				TEST_TARGET_NAME = MovieVIPERSwift;
			};
			name = Debug;
		};
		BCF62DB62990A2BD00151606 /* Release */ = {
			isa = XCBuildConfiguration;
			buildSettings = {
				ALWAYS_EMBED_SWIFT_STANDARD_LIBRARIES = YES;
				CODE_SIGN_STYLE = Automatic;
				CURRENT_PROJECT_VERSION = 1;
				DEVELOPMENT_TEAM = 5S22W76BBZ;
				GENERATE_INFOPLIST_FILE = YES;
				MARKETING_VERSION = 1.0;
				PRODUCT_BUNDLE_IDENTIFIER = com.kevinhomorales.MovieVIPERSwiftUITests;
				PRODUCT_NAME = "$(TARGET_NAME)";
				SWIFT_EMIT_LOC_STRINGS = NO;
				SWIFT_VERSION = 5.0;
				TARGETED_DEVICE_FAMILY = "1,2";
				TEST_TARGET_NAME = MovieVIPERSwift;
			};
			name = Release;
		};
/* End XCBuildConfiguration section */

/* Begin XCConfigurationList section */
		BCF62D7F2990A2BA00151606 /* Build configuration list for PBXProject "MovieVIPERSwift" */ = {
			isa = XCConfigurationList;
			buildConfigurations = (
				BCF62DAC2990A2BD00151606 /* Debug */,
				BCF62DAD2990A2BD00151606 /* Release */,
			);
			defaultConfigurationIsVisible = 0;
			defaultConfigurationName = Release;
		};
		BCF62DAE2990A2BD00151606 /* Build configuration list for PBXNativeTarget "MovieVIPERSwift" */ = {
			isa = XCConfigurationList;
			buildConfigurations = (
				BCF62DAF2990A2BD00151606 /* Debug */,
				BCF62DB02990A2BD00151606 /* Release */,
			);
			defaultConfigurationIsVisible = 0;
			defaultConfigurationName = Release;
		};
		BCF62DB12990A2BD00151606 /* Build configuration list for PBXNativeTarget "MovieVIPERSwiftTests" */ = {
			isa = XCConfigurationList;
			buildConfigurations = (
				BCF62DB22990A2BD00151606 /* Debug */,
				BCF62DB32990A2BD00151606 /* Release */,
			);
			defaultConfigurationIsVisible = 0;
			defaultConfigurationName = Release;
		};
		BCF62DB42990A2BD00151606 /* Build configuration list for PBXNativeTarget "MovieVIPERSwiftUITests" */ = {
			isa = XCConfigurationList;
			buildConfigurations = (
				BCF62DB52990A2BD00151606 /* Debug */,
				BCF62DB62990A2BD00151606 /* Release */,
			);
			defaultConfigurationIsVisible = 0;
			defaultConfigurationName = Release;
		};
/* End XCConfigurationList section */

/* Begin XCRemoteSwiftPackageReference section */
		BCF62DCC2990B14900151606 /* XCRemoteSwiftPackageReference "Kingfisher" */ = {
			isa = XCRemoteSwiftPackageReference;
			repositoryURL = "https://github.com/onevcat/Kingfisher";
			requirement = {
				branch = master;
				kind = branch;
			};
		};
/* End XCRemoteSwiftPackageReference section */

/* Begin XCSwiftPackageProductDependency section */
		BCF62DCD2990B14900151606 /* Kingfisher */ = {
			isa = XCSwiftPackageProductDependency;
			package = BCF62DCC2990B14900151606 /* XCRemoteSwiftPackageReference "Kingfisher" */;
			productName = Kingfisher;
		};
/* End XCSwiftPackageProductDependency section */
	};
	rootObject = BCF62D7C2990A2BA00151606 /* Project object */;
}
